
Microsoft Visual Studio Solution File, Format Version 12.00
# Visual Studio Version 17
VisualStudioVersion = 17.0.31903.59
MinimumVisualStudioVersion = 10.0.40219.1
Project("{FAE04EC0-301F-11D3-BF4B-00C04F79EFBC}") = "Navigator.UI", "src\Navigator.UI\Navigator.UI.csproj", "{A3A1C9F2-4D45-4D2A-9E2F-3A7F1B5E9C11}"
EndProject
Project("{FAE04EC0-301F-11D3-BF4B-00C04F79EFBC}") = "Navigator.Windows", "src\Navigator.Windows\Navigator.Windows.csproj", "{B4B2C9E3-5E56-5E3B-AF3F-4B8F2C6F0D22}"
EndProject
Project("{FAE04EC0-301F-11D3-BF4B-00C04F79EFBC}") = "Navigator.Linux", "src\Navigator.Linux\Navigator.Linux.csproj", "{2C162AE3-3B92-BEC8-FC50-85EBCF168001}"
EndProject
Project("{FAE04EC0-301F-11D3-BF4B-00C04F79EFBC}") = "Navigator.Mac", "src\Navigator.Mac\Navigator.Mac.csproj", "{1C699311-266C-4080-9A6B-AD16C270638B}"
EndProject
Project("{FAE04EC0-301F-11D3-BF4B-00C04F79EFBC}") = "Navigator.UnitTest", "tests\Navigator.UnitTest\Navigator.UnitTest.csproj", "{BE73641F-2DA8-409F-9A22-292338FFD5AA}"
EndProject
Global
	GlobalSection(SolutionConfigurationPlatforms) = preSolution
		Debug|Any CPU = Debug|Any CPU
		Debug|x64 = Debug|x64
		Debug|x86 = Debug|x86
		Release|Any CPU = Release|Any CPU
		Release|x64 = Release|x64
		Release|x86 = Release|x86
	EndGlobalSection
	GlobalSection(ProjectConfigurationPlatforms) = postSolution
		{A3A1C9F2-4D45-4D2A-9E2F-3A7F1B5E9C11}.Debug|Any CPU.ActiveCfg = Debug|Any CPU
		{A3A1C9F2-4D45-4D2A-9E2F-3A7F1B5E9C11}.Debug|Any CPU.Build.0 = Debug|Any CPU
		{A3A1C9F2-4D45-4D2A-9E2F-3A7F1B5E9C11}.Debug|x64.ActiveCfg = Debug|Any CPU
		{A3A1C9F2-4D45-4D2A-9E2F-3A7F1B5E9C11}.Debug|x64.Build.0 = Debug|Any CPU
		{A3A1C9F2-4D45-4D2A-9E2F-3A7F1B5E9C11}.Debug|x86.ActiveCfg = Debug|Any CPU
		{A3A1C9F2-4D45-4D2A-9E2F-3A7F1B5E9C11}.Debug|x86.Build.0 = Debug|Any CPU
		{A3A1C9F2-4D45-4D2A-9E2F-3A7F1B5E9C11}.Release|Any CPU.ActiveCfg = Release|Any CPU
		{A3A1C9F2-4D45-4D2A-9E2F-3A7F1B5E9C11}.Release|Any CPU.Build.0 = Release|Any CPU
		{A3A1C9F2-4D45-4D2A-9E2F-3A7F1B5E9C11}.Release|x64.ActiveCfg = Release|Any CPU
		{A3A1C9F2-4D45-4D2A-9E2F-3A7F1B5E9C11}.Release|x64.Build.0 = Release|Any CPU
		{A3A1C9F2-4D45-4D2A-9E2F-3A7F1B5E9C11}.Release|x86.ActiveCfg = Release|Any CPU
		{A3A1C9F2-4D45-4D2A-9E2F-3A7F1B5E9C11}.Release|x86.Build.0 = Release|Any CPU
		{B4B2C9E3-5E56-5E3B-AF3F-4B8F2C6F0D22}.Debug|Any CPU.ActiveCfg = Debug|Any CPU
		{B4B2C9E3-5E56-5E3B-AF3F-4B8F2C6F0D22}.Debug|Any CPU.Build.0 = Debug|Any CPU
		{B4B2C9E3-5E56-5E3B-AF3F-4B8F2C6F0D22}.Debug|x64.ActiveCfg = Debug|Any CPU
		{B4B2C9E3-5E56-5E3B-AF3F-4B8F2C6F0D22}.Debug|x64.Build.0 = Debug|Any CPU
		{B4B2C9E3-5E56-5E3B-AF3F-4B8F2C6F0D22}.Debug|x86.ActiveCfg = Debug|Any CPU
		{B4B2C9E3-5E56-5E3B-AF3F-4B8F2C6F0D22}.Debug|x86.Build.0 = Debug|Any CPU
		{B4B2C9E3-5E56-5E3B-AF3F-4B8F2C6F0D22}.Release|Any CPU.ActiveCfg = Release|Any CPU
		{B4B2C9E3-5E56-5E3B-AF3F-4B8F2C6F0D22}.Release|Any CPU.Build.0 = Release|Any CPU
		{B4B2C9E3-5E56-5E3B-AF3F-4B8F2C6F0D22}.Release|x64.ActiveCfg = Release|Any CPU
		{B4B2C9E3-5E56-5E3B-AF3F-4B8F2C6F0D22}.Release|x64.Build.0 = Release|Any CPU
		{B4B2C9E3-5E56-5E3B-AF3F-4B8F2C6F0D22}.Release|x86.ActiveCfg = Release|Any CPU
		{B4B2C9E3-5E56-5E3B-AF3F-4B8F2C6F0D22}.Release|x86.Build.0 = Release|Any CPU
		{1C699311-266C-4080-9A6B-AD16C270638B}.Debug|Any CPU.ActiveCfg = Debug|Any CPU
		{1C699311-266C-4080-9A6B-AD16C270638B}.Debug|Any CPU.Build.0 = Debug|Any CPU
		{1C699311-266C-4080-9A6B-AD16C270638B}.Debug|x64.ActiveCfg = Debug|Any CPU
		{1C699311-266C-4080-9A6B-AD16C270638B}.Debug|x64.Build.0 = Debug|Any CPU
		{1C699311-266C-4080-9A6B-AD16C270638B}.Debug|x86.ActiveCfg = Debug|Any CPU
		{1C699311-266C-4080-9A6B-AD16C270638B}.Debug|x86.Build.0 = Debug|Any CPU
		{1C699311-266C-4080-9A6B-AD16C270638B}.Release|Any CPU.ActiveCfg = Release|Any CPU
		{1C699311-266C-4080-9A6B-AD16C270638B}.Release|Any CPU.Build.0 = Release|Any CPU
		{1C699311-266C-4080-9A6B-AD16C270638B}.Release|x64.ActiveCfg = Release|Any CPU
		{1C699311-266C-4080-9A6B-AD16C270638B}.Release|x64.Build.0 = Release|Any CPU
		{1C699311-266C-4080-9A6B-AD16C270638B}.Release|x86.ActiveCfg = Release|Any CPU
		{1C699311-266C-4080-9A6B-AD16C270638B}.Release|x86.Build.0 = Release|Any CPU
		{2C162AE3-3B92-BEC8-FC50-85EBCF168001}.Debug|Any CPU.ActiveCfg = Debug|Any CPU
		{2C162AE3-3B92-BEC8-FC50-85EBCF168001}.Debug|Any CPU.Build.0 = Debug|Any CPU
		{BE73641F-2DA8-409F-9A22-292338FFD5AA}.Debug|Any CPU.ActiveCfg = Debug|Any CPU
		{BE73641F-2DA8-409F-9A22-292338FFD5AA}.Debug|Any CPU.Build.0 = Debug|Any CPU
		{BE73641F-2DA8-409F-9A22-292338FFD5AA}.Debug|x64.ActiveCfg = Debug|Any CPU
		{BE73641F-2DA8-409F-9A22-292338FFD5AA}.Debug|x64.Build.0 = Debug|Any CPU
		{BE73641F-2DA8-409F-9A22-292338FFD5AA}.Debug|x86.ActiveCfg = Debug|Any CPU
		{BE73641F-2DA8-409F-9A22-292338FFD5AA}.Debug|x86.Build.0 = Debug|Any CPU
		{BE73641F-2DA8-409F-9A22-292338FFD5AA}.Release|Any CPU.ActiveCfg = Release|Any CPU
		{BE73641F-2DA8-409F-9A22-292338FFD5AA}.Release|Any CPU.Build.0 = Release|Any CPU
		{BE73641F-2DA8-409F-9A22-292338FFD5AA}.Release|x64.ActiveCfg = Release|Any CPU
		{BE73641F-2DA8-409F-9A22-292338FFD5AA}.Release|x64.Build.0 = Release|Any CPU
		{BE73641F-2DA8-409F-9A22-292338FFD5AA}.Release|x86.ActiveCfg = Release|Any CPU
		{BE73641F-2DA8-409F-9A22-292338FFD5AA}.Release|x86.Build.0 = Release|Any CPU
	EndGlobalSection
	GlobalSection(SolutionProperties) = preSolution
		HideSolutionNode = FALSE
	EndGlobalSection
EndGlobal
